
Microsoft Visual Studio Solution File, Format Version 12.00
# Visual Studio Version 17
VisualStudioVersion = 17.0.31903.59
MinimumVisualStudioVersion = 10.0.40219.1
Project("{FAE04EC0-301F-11D3-BF4B-00C04F79EFBC}") = "Calculadora", "Calculadora\Calculadora.csproj", "{CFAC9CD4-4B09-4B4B-861E-A0065A5BEF7B}"
EndProject
Project("{FAE04EC0-301F-11D3-BF4B-00C04F79EFBC}") = "CalculadoraTests", "CalculadoraTests\CalculadoraTests.csproj", "{7E17239E-5690-473A-958E-167CB3E8563E}"
EndProject
Global
	GlobalSection(SolutionConfigurationPlatforms) = preSolution
		Debug|Any CPU = Debug|Any CPU
		Release|Any CPU = Release|Any CPU
	EndGlobalSection
	GlobalSection(SolutionProperties) = preSolution
		HideSolutionNode = FALSE
	EndGlobalSection
	GlobalSection(ProjectConfigurationPlatforms) = postSolution
		{CFAC9CD4-4B09-4B4B-861E-A0065A5BEF7B}.Debug|Any CPU.ActiveCfg = Debug|Any CPU
		{CFAC9CD4-4B09-4B4B-861E-A0065A5BEF7B}.Debug|Any CPU.Build.0 = Debug|Any CPU
		{CFAC9CD4-4B09-4B4B-861E-A0065A5BEF7B}.Release|Any CPU.ActiveCfg = Release|Any CPU
		{CFAC9CD4-4B09-4B4B-861E-A0065A5BEF7B}.Release|Any CPU.Build.0 = Release|Any CPU
		{7E17239E-5690-473A-958E-167CB3E8563E}.Debug|Any CPU.ActiveCfg = Debug|Any CPU
		{7E17239E-5690-473A-958E-167CB3E8563E}.Debug|Any CPU.Build.0 = Debug|Any CPU
		{7E17239E-5690-473A-958E-167CB3E8563E}.Release|Any CPU.ActiveCfg = Release|Any CPU
		{7E17239E-5690-473A-958E-167CB3E8563E}.Release|Any CPU.Build.0 = Release|Any CPU
	EndGlobalSection
EndGlobal
